// !$*UTF8*$!
{
	archiveVersion = 1;
	classes = {
	};
	objectVersion = 55;
	objects = {

/* Begin PBXBuildFile section */
		3350764D284B4470001DC809 /* ViewModel.swift in Sources */ = {isa = PBXBuildFile; fileRef = 3350764C284B4470001DC809 /* ViewModel.swift */; };
		33507651284B462F001DC809 /* HomeDrinkRow.swift in Sources */ = {isa = PBXBuildFile; fileRef = 33507650284B462F001DC809 /* HomeDrinkRow.swift */; };
		33507655284B4783001DC809 /* drinkData.json in Resources */ = {isa = PBXBuildFile; fileRef = 33507653284B4783001DC809 /* drinkData.json */; };
		33507656284B4783001DC809 /* ingredientData.json in Resources */ = {isa = PBXBuildFile; fileRef = 33507654284B4783001DC809 /* ingredientData.json */; };
		33507658284B48B5001DC809 /* DrinkView.swift in Sources */ = {isa = PBXBuildFile; fileRef = 33507657284B48B5001DC809 /* DrinkView.swift */; };
		3350765E284B48E2001DC809 /* DrinkDetail.swift in Sources */ = {isa = PBXBuildFile; fileRef = 3350765D284B48E2001DC809 /* DrinkDetail.swift */; };
		33507662284B48FD001DC809 /* DrinkRow.swift in Sources */ = {isa = PBXBuildFile; fileRef = 33507661284B48FD001DC809 /* DrinkRow.swift */; };
		33507664284B4910001DC809 /* IngredientView.swift in Sources */ = {isa = PBXBuildFile; fileRef = 33507663284B4910001DC809 /* IngredientView.swift */; };
		33507666284B491E001DC809 /* IngredientDetail.swift in Sources */ = {isa = PBXBuildFile; fileRef = 33507665284B491E001DC809 /* IngredientDetail.swift */; };
		33507668284B4929001DC809 /* IngredientRow.swift in Sources */ = {isa = PBXBuildFile; fileRef = 33507667284B4929001DC809 /* IngredientRow.swift */; };
		33578F68283BBF5E00722BB1 /* UAS_0706012010026App.swift in Sources */ = {isa = PBXBuildFile; fileRef = 33578F67283BBF5E00722BB1 /* UAS_0706012010026App.swift */; };
		33578F6A283BBF5E00722BB1 /* ContentView.swift in Sources */ = {isa = PBXBuildFile; fileRef = 33578F69283BBF5E00722BB1 /* ContentView.swift */; };
		33578F6C283BBF6100722BB1 /* Assets.xcassets in Resources */ = {isa = PBXBuildFile; fileRef = 33578F6B283BBF6100722BB1 /* Assets.xcassets */; };
		33578F6F283BBF6100722BB1 /* Preview Assets.xcassets in Resources */ = {isa = PBXBuildFile; fileRef = 33578F6E283BBF6100722BB1 /* Preview Assets.xcassets */; };
		33578F79283BBF6100722BB1 /* UAS_0706012010026Tests.swift in Sources */ = {isa = PBXBuildFile; fileRef = 33578F78283BBF6100722BB1 /* UAS_0706012010026Tests.swift */; };
		33578F83283BBF6100722BB1 /* UAS_0706012010026UITests.swift in Sources */ = {isa = PBXBuildFile; fileRef = 33578F82283BBF6100722BB1 /* UAS_0706012010026UITests.swift */; };
		33578F85283BBF6100722BB1 /* UAS_0706012010026UITestsLaunchTests.swift in Sources */ = {isa = PBXBuildFile; fileRef = 33578F84283BBF6100722BB1 /* UAS_0706012010026UITestsLaunchTests.swift */; };
		33578F93283BC3D300722BB1 /* HomeView.swift in Sources */ = {isa = PBXBuildFile; fileRef = 33578F92283BC3D300722BB1 /* HomeView.swift */; };
		33578FA3283BCE4C00722BB1 /* Drink.swift in Sources */ = {isa = PBXBuildFile; fileRef = 33578FA2283BCE4C00722BB1 /* Drink.swift */; };
		33578FA5283BCE5A00722BB1 /* Ingredients.swift in Sources */ = {isa = PBXBuildFile; fileRef = 33578FA4283BCE5A00722BB1 /* Ingredients.swift */; };
/* End PBXBuildFile section */

/* Begin PBXContainerItemProxy section */
		33578F75283BBF6100722BB1 /* PBXContainerItemProxy */ = {
			isa = PBXContainerItemProxy;
			containerPortal = 33578F5C283BBF5E00722BB1 /* Project object */;
			proxyType = 1;
			remoteGlobalIDString = 33578F63283BBF5E00722BB1;
			remoteInfo = UAS_0706012010026;
		};
		33578F7F283BBF6100722BB1 /* PBXContainerItemProxy */ = {
			isa = PBXContainerItemProxy;
			containerPortal = 33578F5C283BBF5E00722BB1 /* Project object */;
			proxyType = 1;
			remoteGlobalIDString = 33578F63283BBF5E00722BB1;
			remoteInfo = UAS_0706012010026;
		};
/* End PBXContainerItemProxy section */

/* Begin PBXFileReference section */
		3350764C284B4470001DC809 /* ViewModel.swift */ = {isa = PBXFileReference; lastKnownFileType = sourcecode.swift; name = ViewModel.swift; path = View/Home/ViewModel.swift; sourceTree = "<group>"; };
		33507650284B462F001DC809 /* HomeDrinkRow.swift */ = {isa = PBXFileReference; lastKnownFileType = sourcecode.swift; path = HomeDrinkRow.swift; sourceTree = "<group>"; };
		33507653284B4783001DC809 /* drinkData.json */ = {isa = PBXFileReference; fileEncoding = 4; lastKnownFileType = text.json; name = drinkData.json; path = "../../../../../../../AFL4-Jeffrey-main/AFL4 Jeffrey/drinkData.json"; sourceTree = "<group>"; };
		33507654284B4783001DC809 /* ingredientData.json */ = {isa = PBXFileReference; fileEncoding = 4; lastKnownFileType = text.json; name = ingredientData.json; path = "../../../../../../../AFL4-Jeffrey-main/AFL4 Jeffrey/ingredientData.json"; sourceTree = "<group>"; };
		33507657284B48B5001DC809 /* DrinkView.swift */ = {isa = PBXFileReference; lastKnownFileType = sourcecode.swift; path = DrinkView.swift; sourceTree = "<group>"; };
		3350765D284B48E2001DC809 /* DrinkDetail.swift */ = {isa = PBXFileReference; lastKnownFileType = sourcecode.swift; path = DrinkDetail.swift; sourceTree = "<group>"; };
		33507661284B48FD001DC809 /* DrinkRow.swift */ = {isa = PBXFileReference; lastKnownFileType = sourcecode.swift; path = DrinkRow.swift; sourceTree = "<group>"; };
		33507663284B4910001DC809 /* IngredientView.swift */ = {isa = PBXFileReference; lastKnownFileType = sourcecode.swift; path = IngredientView.swift; sourceTree = "<group>"; };
		33507665284B491E001DC809 /* IngredientDetail.swift */ = {isa = PBXFileReference; lastKnownFileType = sourcecode.swift; path = IngredientDetail.swift; sourceTree = "<group>"; };
		33507667284B4929001DC809 /* IngredientRow.swift */ = {isa = PBXFileReference; lastKnownFileType = sourcecode.swift; path = IngredientRow.swift; sourceTree = "<group>"; };
		33578F64283BBF5E00722BB1 /* UAS_0706012010026.app */ = {isa = PBXFileReference; explicitFileType = wrapper.application; includeInIndex = 0; path = UAS_0706012010026.app; sourceTree = BUILT_PRODUCTS_DIR; };
		33578F67283BBF5E00722BB1 /* UAS_0706012010026App.swift */ = {isa = PBXFileReference; lastKnownFileType = sourcecode.swift; path = UAS_0706012010026App.swift; sourceTree = "<group>"; };
		33578F69283BBF5E00722BB1 /* ContentView.swift */ = {isa = PBXFileReference; lastKnownFileType = sourcecode.swift; path = ContentView.swift; sourceTree = "<group>"; };
		33578F6B283BBF6100722BB1 /* Assets.xcassets */ = {isa = PBXFileReference; lastKnownFileType = folder.assetcatalog; path = Assets.xcassets; sourceTree = "<group>"; };
		33578F6E283BBF6100722BB1 /* Preview Assets.xcassets */ = {isa = PBXFileReference; lastKnownFileType = folder.assetcatalog; path = "Preview Assets.xcassets"; sourceTree = "<group>"; };
		33578F74283BBF6100722BB1 /* UAS_0706012010026Tests.xctest */ = {isa = PBXFileReference; explicitFileType = wrapper.cfbundle; includeInIndex = 0; path = UAS_0706012010026Tests.xctest; sourceTree = BUILT_PRODUCTS_DIR; };
		33578F78283BBF6100722BB1 /* UAS_0706012010026Tests.swift */ = {isa = PBXFileReference; lastKnownFileType = sourcecode.swift; path = UAS_0706012010026Tests.swift; sourceTree = "<group>"; };
		33578F7E283BBF6100722BB1 /* UAS_0706012010026UITests.xctest */ = {isa = PBXFileReference; explicitFileType = wrapper.cfbundle; includeInIndex = 0; path = UAS_0706012010026UITests.xctest; sourceTree = BUILT_PRODUCTS_DIR; };
		33578F82283BBF6100722BB1 /* UAS_0706012010026UITests.swift */ = {isa = PBXFileReference; lastKnownFileType = sourcecode.swift; path = UAS_0706012010026UITests.swift; sourceTree = "<group>"; };
		33578F84283BBF6100722BB1 /* UAS_0706012010026UITestsLaunchTests.swift */ = {isa = PBXFileReference; lastKnownFileType = sourcecode.swift; path = UAS_0706012010026UITestsLaunchTests.swift; sourceTree = "<group>"; };
		33578F92283BC3D300722BB1 /* HomeView.swift */ = {isa = PBXFileReference; lastKnownFileType = sourcecode.swift; path = HomeView.swift; sourceTree = "<group>"; };
		33578FA2283BCE4C00722BB1 /* Drink.swift */ = {isa = PBXFileReference; lastKnownFileType = sourcecode.swift; path = Drink.swift; sourceTree = "<group>"; };
		33578FA4283BCE5A00722BB1 /* Ingredients.swift */ = {isa = PBXFileReference; lastKnownFileType = sourcecode.swift; path = Ingredients.swift; sourceTree = "<group>"; };
/* End PBXFileReference section */

/* Begin PBXFrameworksBuildPhase section */
		33578F61283BBF5E00722BB1 /* Frameworks */ = {
			isa = PBXFrameworksBuildPhase;
			buildActionMask = 2147483647;
			files = (
			);
			runOnlyForDeploymentPostprocessing = 0;
		};
		33578F71283BBF6100722BB1 /* Frameworks */ = {
			isa = PBXFrameworksBuildPhase;
			buildActionMask = 2147483647;
			files = (
			);
			runOnlyForDeploymentPostprocessing = 0;
		};
		33578F7B283BBF6100722BB1 /* Frameworks */ = {
			isa = PBXFrameworksBuildPhase;
			buildActionMask = 2147483647;
			files = (
			);
			runOnlyForDeploymentPostprocessing = 0;
		};
/* End PBXFrameworksBuildPhase section */

/* Begin PBXGroup section */
		33507652284B4675001DC809 /* Resources */ = {
			isa = PBXGroup;
			children = (
				33507653284B4783001DC809 /* drinkData.json */,
				33507654284B4783001DC809 /* ingredientData.json */,
			);
			path = Resources;
			sourceTree = "<group>";
		};
		33578F5B283BBF5E00722BB1 = {
			isa = PBXGroup;
			children = (
				33578F66283BBF5E00722BB1 /* UAS_0706012010026 */,
				33578F77283BBF6100722BB1 /* UAS_0706012010026Tests */,
				33578F81283BBF6100722BB1 /* UAS_0706012010026UITests */,
				33578F65283BBF5E00722BB1 /* Products */,
			);
			sourceTree = "<group>";
		};
		33578F65283BBF5E00722BB1 /* Products */ = {
			isa = PBXGroup;
			children = (
				33578F64283BBF5E00722BB1 /* UAS_0706012010026.app */,
				33578F74283BBF6100722BB1 /* UAS_0706012010026Tests.xctest */,
				33578F7E283BBF6100722BB1 /* UAS_0706012010026UITests.xctest */,
			);
			name = Products;
			sourceTree = "<group>";
		};
		33578F66283BBF5E00722BB1 /* UAS_0706012010026 */ = {
			isa = PBXGroup;
			children = (
				33578FA1283BCE3800722BB1 /* Model */,
				33578F97283BC88000722BB1 /* View */,
				33507652284B4675001DC809 /* Resources */,
				33578F67283BBF5E00722BB1 /* UAS_0706012010026App.swift */,
				33578F69283BBF5E00722BB1 /* ContentView.swift */,
				3350764C284B4470001DC809 /* ViewModel.swift */,
				33578F6D283BBF6100722BB1 /* Preview Content */,
				33578F6B283BBF6100722BB1 /* Assets.xcassets */,
			);
			path = UAS_0706012010026;
			sourceTree = "<group>";
		};
		33578F6D283BBF6100722BB1 /* Preview Content */ = {
			isa = PBXGroup;
			children = (
				33578F6E283BBF6100722BB1 /* Preview Assets.xcassets */,
			);
			path = "Preview Content";
			sourceTree = "<group>";
		};
		33578F77283BBF6100722BB1 /* UAS_0706012010026Tests */ = {
			isa = PBXGroup;
			children = (
				33578F78283BBF6100722BB1 /* UAS_0706012010026Tests.swift */,
			);
			path = UAS_0706012010026Tests;
			sourceTree = "<group>";
		};
		33578F81283BBF6100722BB1 /* UAS_0706012010026UITests */ = {
			isa = PBXGroup;
			children = (
				33578F82283BBF6100722BB1 /* UAS_0706012010026UITests.swift */,
				33578F84283BBF6100722BB1 /* UAS_0706012010026UITestsLaunchTests.swift */,
			);
			path = UAS_0706012010026UITests;
			sourceTree = "<group>";
		};
		33578F91283BC38E00722BB1 /* Home */ = {
			isa = PBXGroup;
			children = (
				33578F92283BC3D300722BB1 /* HomeView.swift */,
				33507650284B462F001DC809 /* HomeDrinkRow.swift */,
			);
			path = Home;
			sourceTree = "<group>";
		};
		33578F94283BC45000722BB1 /* Drinks */ = {
			isa = PBXGroup;
			children = (
				33507657284B48B5001DC809 /* DrinkView.swift */,
				3350765D284B48E2001DC809 /* DrinkDetail.swift */,
				33507661284B48FD001DC809 /* DrinkRow.swift */,
			);
			path = Drinks;
			sourceTree = "<group>";
		};
		33578F96283BC48B00722BB1 /* Ingredients */ = {
			isa = PBXGroup;
			children = (
				33507663284B4910001DC809 /* IngredientView.swift */,
				33507665284B491E001DC809 /* IngredientDetail.swift */,
				33507667284B4929001DC809 /* IngredientRow.swift */,
			);
			path = Ingredients;
			sourceTree = "<group>";
		};
		33578F97283BC88000722BB1 /* View */ = {
			isa = PBXGroup;
			children = (
				33578F91283BC38E00722BB1 /* Home */,
				33578F94283BC45000722BB1 /* Drinks */,
				33578F96283BC48B00722BB1 /* Ingredients */,
			);
			path = View;
			sourceTree = "<group>";
		};
		33578FA1283BCE3800722BB1 /* Model */ = {
			isa = PBXGroup;
			children = (
				33578FA2283BCE4C00722BB1 /* Drink.swift */,
				33578FA4283BCE5A00722BB1 /* Ingredients.swift */,
			);
			path = Model;
			sourceTree = "<group>";
		};
/* End PBXGroup section */

/* Begin PBXNativeTarget section */
		33578F63283BBF5E00722BB1 /* UAS_0706012010026 */ = {
			isa = PBXNativeTarget;
			buildConfigurationList = 33578F88283BBF6100722BB1 /* Build configuration list for PBXNativeTarget "UAS_0706012010026" */;
			buildPhases = (
				33578F60283BBF5E00722BB1 /* Sources */,
				33578F61283BBF5E00722BB1 /* Frameworks */,
				33578F62283BBF5E00722BB1 /* Resources */,
			);
			buildRules = (
			);
			dependencies = (
			);
			name = UAS_0706012010026;
			productName = UAS_0706012010026;
			productReference = 33578F64283BBF5E00722BB1 /* UAS_0706012010026.app */;
			productType = "com.apple.product-type.application";
		};
		33578F73283BBF6100722BB1 /* UAS_0706012010026Tests */ = {
			isa = PBXNativeTarget;
			buildConfigurationList = 33578F8B283BBF6100722BB1 /* Build configuration list for PBXNativeTarget "UAS_0706012010026Tests" */;
			buildPhases = (
				33578F70283BBF6100722BB1 /* Sources */,
				33578F71283BBF6100722BB1 /* Frameworks */,
				33578F72283BBF6100722BB1 /* Resources */,
			);
			buildRules = (
			);
			dependencies = (
				33578F76283BBF6100722BB1 /* PBXTargetDependency */,
			);
			name = UAS_0706012010026Tests;
			productName = UAS_0706012010026Tests;
			productReference = 33578F74283BBF6100722BB1 /* UAS_0706012010026Tests.xctest */;
			productType = "com.apple.product-type.bundle.unit-test";
		};
		33578F7D283BBF6100722BB1 /* UAS_0706012010026UITests */ = {
			isa = PBXNativeTarget;
			buildConfigurationList = 33578F8E283BBF6100722BB1 /* Build configuration list for PBXNativeTarget "UAS_0706012010026UITests" */;
			buildPhases = (
				33578F7A283BBF6100722BB1 /* Sources */,
				33578F7B283BBF6100722BB1 /* Frameworks */,
				33578F7C283BBF6100722BB1 /* Resources */,
			);
			buildRules = (
			);
			dependencies = (
				33578F80283BBF6100722BB1 /* PBXTargetDependency */,
			);
			name = UAS_0706012010026UITests;
			productName = UAS_0706012010026UITests;
			productReference = 33578F7E283BBF6100722BB1 /* UAS_0706012010026UITests.xctest */;
			productType = "com.apple.product-type.bundle.ui-testing";
		};
/* End PBXNativeTarget section */

/* Begin PBXProject section */
		33578F5C283BBF5E00722BB1 /* Project object */ = {
			isa = PBXProject;
			attributes = {
				BuildIndependentTargetsInParallel = 1;
				LastSwiftUpdateCheck = 1340;
				LastUpgradeCheck = 1340;
				TargetAttributes = {
					33578F63283BBF5E00722BB1 = {
						CreatedOnToolsVersion = 13.4;
					};
					33578F73283BBF6100722BB1 = {
						CreatedOnToolsVersion = 13.4;
						TestTargetID = 33578F63283BBF5E00722BB1;
					};
					33578F7D283BBF6100722BB1 = {
						CreatedOnToolsVersion = 13.4;
						TestTargetID = 33578F63283BBF5E00722BB1;
					};
				};
			};
			buildConfigurationList = 33578F5F283BBF5E00722BB1 /* Build configuration list for PBXProject "UAS_0706012010026" */;
			compatibilityVersion = "Xcode 13.0";
			developmentRegion = en;
			hasScannedForEncodings = 0;
			knownRegions = (
				en,
				Base,
			);
			mainGroup = 33578F5B283BBF5E00722BB1;
			productRefGroup = 33578F65283BBF5E00722BB1 /* Products */;
			projectDirPath = "";
			projectRoot = "";
			targets = (
				33578F63283BBF5E00722BB1 /* UAS_0706012010026 */,
				33578F73283BBF6100722BB1 /* UAS_0706012010026Tests */,
				33578F7D283BBF6100722BB1 /* UAS_0706012010026UITests */,
			);
		};
/* End PBXProject section */

/* Begin PBXResourcesBuildPhase section */
		33578F62283BBF5E00722BB1 /* Resources */ = {
			isa = PBXResourcesBuildPhase;
			buildActionMask = 2147483647;
			files = (
				33507655284B4783001DC809 /* drinkData.json in Resources */,
				33578F6F283BBF6100722BB1 /* Preview Assets.xcassets in Resources */,
				33507656284B4783001DC809 /* ingredientData.json in Resources */,
				33578F6C283BBF6100722BB1 /* Assets.xcassets in Resources */,
			);
			runOnlyForDeploymentPostprocessing = 0;
		};
		33578F72283BBF6100722BB1 /* Resources */ = {
			isa = PBXResourcesBuildPhase;
			buildActionMask = 2147483647;
			files = (
			);
			runOnlyForDeploymentPostprocessing = 0;
		};
		33578F7C283BBF6100722BB1 /* Resources */ = {
			isa = PBXResourcesBuildPhase;
			buildActionMask = 2147483647;
			files = (
			);
			runOnlyForDeploymentPostprocessing = 0;
		};
/* End PBXResourcesBuildPhase section */

/* Begin PBXSourcesBuildPhase section */
		33578F60283BBF5E00722BB1 /* Sources */ = {
			isa = PBXSourcesBuildPhase;
			buildActionMask = 2147483647;
			files = (
				33578F93283BC3D300722BB1 /* HomeView.swift in Sources */,
				33578F6A283BBF5E00722BB1 /* ContentView.swift in Sources */,
				33578F68283BBF5E00722BB1 /* UAS_0706012010026App.swift in Sources */,
				33578FA3283BCE4C00722BB1 /* Drink.swift in Sources */,
				33578FA5283BCE5A00722BB1 /* Ingredients.swift in Sources */,
				33507668284B4929001DC809 /* IngredientRow.swift in Sources */,
				33507658284B48B5001DC809 /* DrinkView.swift in Sources */,
				33507664284B4910001DC809 /* IngredientView.swift in Sources */,
				3350765E284B48E2001DC809 /* DrinkDetail.swift in Sources */,
				33507662284B48FD001DC809 /* DrinkRow.swift in Sources */,
				33507666284B491E001DC809 /* IngredientDetail.swift in Sources */,
				33507651284B462F001DC809 /* HomeDrinkRow.swift in Sources */,
				3350764D284B4470001DC809 /* ViewModel.swift in Sources */,
			);
			runOnlyForDeploymentPostprocessing = 0;
		};
		33578F70283BBF6100722BB1 /* Sources */ = {
			isa = PBXSourcesBuildPhase;
			buildActionMask = 2147483647;
			files = (
				33578F79283BBF6100722BB1 /* UAS_0706012010026Tests.swift in Sources */,
			);
			runOnlyForDeploymentPostprocessing = 0;
		};
		33578F7A283BBF6100722BB1 /* Sources */ = {
			isa = PBXSourcesBuildPhase;
			buildActionMask = 2147483647;
			files = (
				33578F85283BBF6100722BB1 /* UAS_0706012010026UITestsLaunchTests.swift in Sources */,
				33578F83283BBF6100722BB1 /* UAS_0706012010026UITests.swift in Sources */,
			);
			runOnlyForDeploymentPostprocessing = 0;
		};
/* End PBXSourcesBuildPhase section */

/* Begin PBXTargetDependency section */
		33578F76283BBF6100722BB1 /* PBXTargetDependency */ = {
			isa = PBXTargetDependency;
			target = 33578F63283BBF5E00722BB1 /* UAS_0706012010026 */;
			targetProxy = 33578F75283BBF6100722BB1 /* PBXContainerItemProxy */;
		};
		33578F80283BBF6100722BB1 /* PBXTargetDependency */ = {
			isa = PBXTargetDependency;
			target = 33578F63283BBF5E00722BB1 /* UAS_0706012010026 */;
			targetProxy = 33578F7F283BBF6100722BB1 /* PBXContainerItemProxy */;
		};
/* End PBXTargetDependency section */

/* Begin XCBuildConfiguration section */
		33578F86283BBF6100722BB1 /* Debug */ = {
			isa = XCBuildConfiguration;
			buildSettings = {
				ALWAYS_SEARCH_USER_PATHS = NO;
				CLANG_ANALYZER_NONNULL = YES;
				CLANG_ANALYZER_NUMBER_OBJECT_CONVERSION = YES_AGGRESSIVE;
				CLANG_CXX_LANGUAGE_STANDARD = "gnu++17";
				CLANG_ENABLE_MODULES = YES;
				CLANG_ENABLE_OBJC_ARC = YES;
				CLANG_ENABLE_OBJC_WEAK = YES;
				CLANG_WARN_BLOCK_CAPTURE_AUTORELEASING = YES;
				CLANG_WARN_BOOL_CONVERSION = YES;
				CLANG_WARN_COMMA = YES;
				CLANG_WARN_CONSTANT_CONVERSION = YES;
				CLANG_WARN_DEPRECATED_OBJC_IMPLEMENTATIONS = YES;
				CLANG_WARN_DIRECT_OBJC_ISA_USAGE = YES_ERROR;
				CLANG_WARN_DOCUMENTATION_COMMENTS = YES;
				CLANG_WARN_EMPTY_BODY = YES;
				CLANG_WARN_ENUM_CONVERSION = YES;
				CLANG_WARN_INFINITE_RECURSION = YES;
				CLANG_WARN_INT_CONVERSION = YES;
				CLANG_WARN_NON_LITERAL_NULL_CONVERSION = YES;
				CLANG_WARN_OBJC_IMPLICIT_RETAIN_SELF = YES;
				CLANG_WARN_OBJC_LITERAL_CONVERSION = YES;
				CLANG_WARN_OBJC_ROOT_CLASS = YES_ERROR;
				CLANG_WARN_QUOTED_INCLUDE_IN_FRAMEWORK_HEADER = YES;
				CLANG_WARN_RANGE_LOOP_ANALYSIS = YES;
				CLANG_WARN_STRICT_PROTOTYPES = YES;
				CLANG_WARN_SUSPICIOUS_MOVE = YES;
				CLANG_WARN_UNGUARDED_AVAILABILITY = YES_AGGRESSIVE;
				CLANG_WARN_UNREACHABLE_CODE = YES;
				CLANG_WARN__DUPLICATE_METHOD_MATCH = YES;
				COPY_PHASE_STRIP = NO;
				DEBUG_INFORMATION_FORMAT = dwarf;
				ENABLE_STRICT_OBJC_MSGSEND = YES;
				ENABLE_TESTABILITY = YES;
				GCC_C_LANGUAGE_STANDARD = gnu11;
				GCC_DYNAMIC_NO_PIC = NO;
				GCC_NO_COMMON_BLOCKS = YES;
				GCC_OPTIMIZATION_LEVEL = 0;
				GCC_PREPROCESSOR_DEFINITIONS = (
					"DEBUG=1",
					"$(inherited)",
				);
				GCC_WARN_64_TO_32_BIT_CONVERSION = YES;
				GCC_WARN_ABOUT_RETURN_TYPE = YES_ERROR;
				GCC_WARN_UNDECLARED_SELECTOR = YES;
				GCC_WARN_UNINITIALIZED_AUTOS = YES_AGGRESSIVE;
				GCC_WARN_UNUSED_FUNCTION = YES;
				GCC_WARN_UNUSED_VARIABLE = YES;
				IPHONEOS_DEPLOYMENT_TARGET = 15.5;
				MTL_ENABLE_DEBUG_INFO = INCLUDE_SOURCE;
				MTL_FAST_MATH = YES;
				ONLY_ACTIVE_ARCH = YES;
				SDKROOT = iphoneos;
				SWIFT_ACTIVE_COMPILATION_CONDITIONS = DEBUG;
				SWIFT_OPTIMIZATION_LEVEL = "-Onone";
			};
			name = Debug;
		};
		33578F87283BBF6100722BB1 /* Release */ = {
			isa = XCBuildConfiguration;
			buildSettings = {
				ALWAYS_SEARCH_USER_PATHS = NO;
				CLANG_ANALYZER_NONNULL = YES;
				CLANG_ANALYZER_NUMBER_OBJECT_CONVERSION = YES_AGGRESSIVE;
				CLANG_CXX_LANGUAGE_STANDARD = "gnu++17";
				CLANG_ENABLE_MODULES = YES;
				CLANG_ENABLE_OBJC_ARC = YES;
				CLANG_ENABLE_OBJC_WEAK = YES;
				CLANG_WARN_BLOCK_CAPTURE_AUTORELEASING = YES;
				CLANG_WARN_BOOL_CONVERSION = YES;
				CLANG_WARN_COMMA = YES;
				CLANG_WARN_CONSTANT_CONVERSION = YES;
				CLANG_WARN_DEPRECATED_OBJC_IMPLEMENTATIONS = YES;
				CLANG_WARN_DIRECT_OBJC_ISA_USAGE = YES_ERROR;
				CLANG_WARN_DOCUMENTATION_COMMENTS = YES;
				CLANG_WARN_EMPTY_BODY = YES;
				CLANG_WARN_ENUM_CONVERSION = YES;
				CLANG_WARN_INFINITE_RECURSION = YES;
				CLANG_WARN_INT_CONVERSION = YES;
				CLANG_WARN_NON_LITERAL_NULL_CONVERSION = YES;
				CLANG_WARN_OBJC_IMPLICIT_RETAIN_SELF = YES;
				CLANG_WARN_OBJC_LITERAL_CONVERSION = YES;
				CLANG_WARN_OBJC_ROOT_CLASS = YES_ERROR;
				CLANG_WARN_QUOTED_INCLUDE_IN_FRAMEWORK_HEADER = YES;
				CLANG_WARN_RANGE_LOOP_ANALYSIS = YES;
				CLANG_WARN_STRICT_PROTOTYPES = YES;
				CLANG_WARN_SUSPICIOUS_MOVE = YES;
				CLANG_WARN_UNGUARDED_AVAILABILITY = YES_AGGRESSIVE;
				CLANG_WARN_UNREACHABLE_CODE = YES;
				CLANG_WARN__DUPLICATE_METHOD_MATCH = YES;
				COPY_PHASE_STRIP = NO;
				DEBUG_INFORMATION_FORMAT = "dwarf-with-dsym";
				ENABLE_NS_ASSERTIONS = NO;
				ENABLE_STRICT_OBJC_MSGSEND = YES;
				GCC_C_LANGUAGE_STANDARD = gnu11;
				GCC_NO_COMMON_BLOCKS = YES;
				GCC_WARN_64_TO_32_BIT_CONVERSION = YES;
				GCC_WARN_ABOUT_RETURN_TYPE = YES_ERROR;
				GCC_WARN_UNDECLARED_SELECTOR = YES;
				GCC_WARN_UNINITIALIZED_AUTOS = YES_AGGRESSIVE;
				GCC_WARN_UNUSED_FUNCTION = YES;
				GCC_WARN_UNUSED_VARIABLE = YES;
				IPHONEOS_DEPLOYMENT_TARGET = 15.5;
				MTL_ENABLE_DEBUG_INFO = NO;
				MTL_FAST_MATH = YES;
				SDKROOT = iphoneos;
				SWIFT_COMPILATION_MODE = wholemodule;
				SWIFT_OPTIMIZATION_LEVEL = "-O";
				VALIDATE_PRODUCT = YES;
			};
			name = Release;
		};
		33578F89283BBF6100722BB1 /* Debug */ = {
			isa = XCBuildConfiguration;
			buildSettings = {
				ASSETCATALOG_COMPILER_APPICON_NAME = AppIcon;
				ASSETCATALOG_COMPILER_GLOBAL_ACCENT_COLOR_NAME = AccentColor;
				CODE_SIGN_STYLE = Automatic;
				CURRENT_PROJECT_VERSION = 1;
				DEVELOPMENT_ASSET_PATHS = "\"UAS_0706012010026/Preview Content\"";
				ENABLE_PREVIEWS = YES;
				GENERATE_INFOPLIST_FILE = YES;
				INFOPLIST_KEY_UIApplicationSceneManifest_Generation = YES;
				INFOPLIST_KEY_UIApplicationSupportsIndirectInputEvents = YES;
				INFOPLIST_KEY_UILaunchScreen_Generation = YES;
				INFOPLIST_KEY_UISupportedInterfaceOrientations_iPad = "UIInterfaceOrientationPortrait UIInterfaceOrientationPortraitUpsideDown UIInterfaceOrientationLandscapeLeft UIInterfaceOrientationLandscapeRight";
				INFOPLIST_KEY_UISupportedInterfaceOrientations_iPhone = "UIInterfaceOrientationPortrait UIInterfaceOrientationLandscapeLeft UIInterfaceOrientationLandscapeRight";
				LD_RUNPATH_SEARCH_PATHS = (
					"$(inherited)",
					"@executable_path/Frameworks",
				);
				MARKETING_VERSION = 1.0;
				PRODUCT_BUNDLE_IDENTIFIER = "Angelo.UAS-0706012010026";
				PRODUCT_NAME = "$(TARGET_NAME)";
				SWIFT_EMIT_LOC_STRINGS = YES;
				SWIFT_VERSION = 5.0;
				TARGETED_DEVICE_FAMILY = "1,2";
			};
			name = Debug;
		};
		33578F8A283BBF6100722BB1 /* Release */ = {
			isa = XCBuildConfiguration;
			buildSettings = {
				ASSETCATALOG_COMPILER_APPICON_NAME = AppIcon;
				ASSETCATALOG_COMPILER_GLOBAL_ACCENT_COLOR_NAME = AccentColor;
				CODE_SIGN_STYLE = Automatic;
				CURRENT_PROJECT_VERSION = 1;
				DEVELOPMENT_ASSET_PATHS = "\"UAS_0706012010026/Preview Content\"";
				ENABLE_PREVIEWS = YES;
				GENERATE_INFOPLIST_FILE = YES;
				INFOPLIST_KEY_UIApplicationSceneManifest_Generation = YES;
				INFOPLIST_KEY_UIApplicationSupportsIndirectInputEvents = YES;
				INFOPLIST_KEY_UILaunchScreen_Generation = YES;
				INFOPLIST_KEY_UISupportedInterfaceOrientations_iPad = "UIInterfaceOrientationPortrait UIInterfaceOrientationPortraitUpsideDown UIInterfaceOrientationLandscapeLeft UIInterfaceOrientationLandscapeRight";
				INFOPLIST_KEY_UISupportedInterfaceOrientations_iPhone = "UIInterfaceOrientationPortrait UIInterfaceOrientationLandscapeLeft UIInterfaceOrientationLandscapeRight";
				LD_RUNPATH_SEARCH_PATHS = (
					"$(inherited)",
					"@executable_path/Frameworks",
				);
				MARKETING_VERSION = 1.0;
				PRODUCT_BUNDLE_IDENTIFIER = "Angelo.UAS-0706012010026";
				PRODUCT_NAME = "$(TARGET_NAME)";
				SWIFT_EMIT_LOC_STRINGS = YES;
				SWIFT_VERSION = 5.0;
				TARGETED_DEVICE_FAMILY = "1,2";
			};
			name = Release;
		};
		33578F8C283BBF6100722BB1 /* Debug */ = {
			isa = XCBuildConfiguration;
			buildSettings = {
				ALWAYS_EMBED_SWIFT_STANDARD_LIBRARIES = YES;
				BUNDLE_LOADER = "$(TEST_HOST)";
				CODE_SIGN_STYLE = Automatic;
				CURRENT_PROJECT_VERSION = 1;
				GENERATE_INFOPLIST_FILE = YES;
				IPHONEOS_DEPLOYMENT_TARGET = 15.5;
				MARKETING_VERSION = 1.0;
				PRODUCT_BUNDLE_IDENTIFIER = "Angelo.UAS-0706012010026Tests";
				PRODUCT_NAME = "$(TARGET_NAME)";
				SWIFT_EMIT_LOC_STRINGS = NO;
				SWIFT_VERSION = 5.0;
				TARGETED_DEVICE_FAMILY = "1,2";
				TEST_HOST = "$(BUILT_PRODUCTS_DIR)/UAS_0706012010026.app/UAS_0706012010026";
			};
			name = Debug;
		};
		33578F8D283BBF6100722BB1 /* Release */ = {
			isa = XCBuildConfiguration;
			buildSettings = {
				ALWAYS_EMBED_SWIFT_STANDARD_LIBRARIES = YES;
				BUNDLE_LOADER = "$(TEST_HOST)";
				CODE_SIGN_STYLE = Automatic;
				CURRENT_PROJECT_VERSION = 1;
				GENERATE_INFOPLIST_FILE = YES;
				IPHONEOS_DEPLOYMENT_TARGET = 15.5;
				MARKETING_VERSION = 1.0;
				PRODUCT_BUNDLE_IDENTIFIER = "Angelo.UAS-0706012010026Tests";
				PRODUCT_NAME = "$(TARGET_NAME)";
				SWIFT_EMIT_LOC_STRINGS = NO;
				SWIFT_VERSION = 5.0;
				TARGETED_DEVICE_FAMILY = "1,2";
				TEST_HOST = "$(BUILT_PRODUCTS_DIR)/UAS_0706012010026.app/UAS_0706012010026";
			};
			name = Release;
		};
		33578F8F283BBF6100722BB1 /* Debug */ = {
			isa = XCBuildConfiguration;
			buildSettings = {
				ALWAYS_EMBED_SWIFT_STANDARD_LIBRARIES = YES;
				CODE_SIGN_STYLE = Automatic;
				CURRENT_PROJECT_VERSION = 1;
				GENERATE_INFOPLIST_FILE = YES;
				MARKETING_VERSION = 1.0;
				PRODUCT_BUNDLE_IDENTIFIER = "Angelo.UAS-0706012010026UITests";
				PRODUCT_NAME = "$(TARGET_NAME)";
				SWIFT_EMIT_LOC_STRINGS = NO;
				SWIFT_VERSION = 5.0;
				TARGETED_DEVICE_FAMILY = "1,2";
				TEST_TARGET_NAME = UAS_0706012010026;
			};
			name = Debug;
		};
		33578F90283BBF6100722BB1 /* Release */ = {
			isa = XCBuildConfiguration;
			buildSettings = {
				ALWAYS_EMBED_SWIFT_STANDARD_LIBRARIES = YES;
				CODE_SIGN_STYLE = Automatic;
				CURRENT_PROJECT_VERSION = 1;
				GENERATE_INFOPLIST_FILE = YES;
				MARKETING_VERSION = 1.0;
				PRODUCT_BUNDLE_IDENTIFIER = "Angelo.UAS-0706012010026UITests";
				PRODUCT_NAME = "$(TARGET_NAME)";
				SWIFT_EMIT_LOC_STRINGS = NO;
				SWIFT_VERSION = 5.0;
				TARGETED_DEVICE_FAMILY = "1,2";
				TEST_TARGET_NAME = UAS_0706012010026;
			};
			name = Release;
		};
/* End XCBuildConfiguration section */

/* Begin XCConfigurationList section */
		33578F5F283BBF5E00722BB1 /* Build configuration list for PBXProject "UAS_0706012010026" */ = {
			isa = XCConfigurationList;
			buildConfigurations = (
				33578F86283BBF6100722BB1 /* Debug */,
				33578F87283BBF6100722BB1 /* Release */,
			);
			defaultConfigurationIsVisible = 0;
			defaultConfigurationName = Release;
		};
		33578F88283BBF6100722BB1 /* Build configuration list for PBXNativeTarget "UAS_0706012010026" */ = {
			isa = XCConfigurationList;
			buildConfigurations = (
				33578F89283BBF6100722BB1 /* Debug */,
				33578F8A283BBF6100722BB1 /* Release */,
			);
			defaultConfigurationIsVisible = 0;
			defaultConfigurationName = Release;
		};
		33578F8B283BBF6100722BB1 /* Build configuration list for PBXNativeTarget "UAS_0706012010026Tests" */ = {
			isa = XCConfigurationList;
			buildConfigurations = (
				33578F8C283BBF6100722BB1 /* Debug */,
				33578F8D283BBF6100722BB1 /* Release */,
			);
			defaultConfigurationIsVisible = 0;
			defaultConfigurationName = Release;
		};
		33578F8E283BBF6100722BB1 /* Build configuration list for PBXNativeTarget "UAS_0706012010026UITests" */ = {
			isa = XCConfigurationList;
			buildConfigurations = (
				33578F8F283BBF6100722BB1 /* Debug */,
				33578F90283BBF6100722BB1 /* Release */,
			);
			defaultConfigurationIsVisible = 0;
			defaultConfigurationName = Release;
		};
/* End XCConfigurationList section */
	};
	rootObject = 33578F5C283BBF5E00722BB1 /* Project object */;
}
